
Microsoft Visual Studio Solution File, Format Version 12.00
# Visual Studio Version 17
VisualStudioVersion = 17.7.34024.191
MinimumVisualStudioVersion = 10.0.40219.1
Project("{FAE04EC0-301F-11D3-BF4B-00C04F79EFBC}") = "ConsoleApp8", "ConsoleApp8\ConsoleApp8.csproj", "{9367D598-8F83-4153-B204-49B470F3A7B1}"
EndProject
Global
	GlobalSection(SolutionConfigurationPlatforms) = preSolution
		Debug|Any CPU = Debug|Any CPU
		Release|Any CPU = Release|Any CPU
	EndGlobalSection
	GlobalSection(ProjectConfigurationPlatforms) = postSolution
		{9367D598-8F83-4153-B204-49B470F3A7B1}.Debug|Any CPU.ActiveCfg = Debug|Any CPU
		{9367D598-8F83-4153-B204-49B470F3A7B1}.Debug|Any CPU.Build.0 = Debug|Any CPU
		{9367D598-8F83-4153-B204-49B470F3A7B1}.Release|Any CPU.ActiveCfg = Release|Any CPU
		{9367D598-8F83-4153-B204-49B470F3A7B1}.Release|Any CPU.Build.0 = Release|Any CPU
	EndGlobalSection
	GlobalSection(SolutionProperties) = preSolution
		HideSolutionNode = FALSE
	EndGlobalSection
	GlobalSection(ExtensibilityGlobals) = postSolution
		SolutionGuid = {800D021C-F01D-409E-8F8D-3638A69E80AE}
	EndGlobalSection
EndGlobal
